
Microsoft Visual Studio Solution File, Format Version 12.00
# Visual Studio Version 17
VisualStudioVersion = 17.5.33627.172
MinimumVisualStudioVersion = 10.0.40219.1
Project("{FAE04EC0-301F-11D3-BF4B-00C04F79EFBC}") = "atividade19", "atividade19\atividade19.csproj", "{17CC1C19-20A7-4419-BABD-E1FF8F632079}"
EndProject
Global
	GlobalSection(SolutionConfigurationPlatforms) = preSolution
		Debug|Any CPU = Debug|Any CPU
		Release|Any CPU = Release|Any CPU
	EndGlobalSection
	GlobalSection(ProjectConfigurationPlatforms) = postSolution
		{17CC1C19-20A7-4419-BABD-E1FF8F632079}.Debug|Any CPU.ActiveCfg = Debug|Any CPU
		{17CC1C19-20A7-4419-BABD-E1FF8F632079}.Debug|Any CPU.Build.0 = Debug|Any CPU
		{17CC1C19-20A7-4419-BABD-E1FF8F632079}.Release|Any CPU.ActiveCfg = Release|Any CPU
		{17CC1C19-20A7-4419-BABD-E1FF8F632079}.Release|Any CPU.Build.0 = Release|Any CPU
	EndGlobalSection
	GlobalSection(SolutionProperties) = preSolution
		HideSolutionNode = FALSE
	EndGlobalSection
	GlobalSection(ExtensibilityGlobals) = postSolution
		SolutionGuid = {A514517D-4150-4C01-82FD-8CA263A22A07}
	EndGlobalSection
EndGlobal
